
Microsoft Visual Studio Solution File, Format Version 12.00
# Visual Studio Version 16
VisualStudioVersion = 16.0.32228.343
MinimumVisualStudioVersion = 10.0.40219.1
Project("{FAE04EC0-301F-11D3-BF4B-00C04F79EFBC}") = "AnketHazirlamaPortali", "AnketHazirlamaPortali\AnketHazirlamaPortali.csproj", "{4C7E4276-433B-4E5B-A8EB-E3CB603BCCDB}"
EndProject
Global
	GlobalSection(SolutionConfigurationPlatforms) = preSolution
		Debug|Any CPU = Debug|Any CPU
		Release|Any CPU = Release|Any CPU
	EndGlobalSection
	GlobalSection(ProjectConfigurationPlatforms) = postSolution
		{4C7E4276-433B-4E5B-A8EB-E3CB603BCCDB}.Debug|Any CPU.ActiveCfg = Debug|Any CPU
		{4C7E4276-433B-4E5B-A8EB-E3CB603BCCDB}.Debug|Any CPU.Build.0 = Debug|Any CPU
		{4C7E4276-433B-4E5B-A8EB-E3CB603BCCDB}.Release|Any CPU.ActiveCfg = Release|Any CPU
		{4C7E4276-433B-4E5B-A8EB-E3CB603BCCDB}.Release|Any CPU.Build.0 = Release|Any CPU
	EndGlobalSection
	GlobalSection(SolutionProperties) = preSolution
		HideSolutionNode = FALSE
	EndGlobalSection
	GlobalSection(ExtensibilityGlobals) = postSolution
		SolutionGuid = {8E75C169-D829-49C5-B4B0-F4E5CEEEDA2F}
	EndGlobalSection
EndGlobal
